lockfileVersion: '9.0'

settings:
  autoInstallPeers: true
  excludeLinksFromLockfile: false

importers:

  .:
    dependencies:
      aws-cdk:
        specifier: '2.1100'
        version: 2.1100.1
      aws-cdk-lib:
        specifier: ^2.233.0
        version: 2.233.0(constructs@10.4.4)
      hot-formula-parser:
        specifier: ^3.0.0
        version: 3.0.2
      lodash:
        specifier: ^4.17.20
        version: 4.17.21

packages:

  '@aws-cdk/asset-awscli-v1@2.2.242':
    resolution: {integrity: sha512-4c1bAy2ISzcdKXYS1k4HYZsNrgiwbiDzj36ybwFVxEWZXVAP0dimQTCaB9fxu7sWzEjw3d+eaw6Fon+QTfTIpQ==}

  '@aws-cdk/asset-node-proxy-agent-v6@2.1.0':
    resolution: {integrity: sha512-7bY3J8GCVxLupn/kNmpPc5VJz8grx+4RKfnnJiO1LG+uxkZfANZG3RMHhE+qQxxwkyQ9/MfPtTpf748UhR425A==}

  '@aws-cdk/cloud-assembly-schema@48.20.0':
    resolution: {integrity: sha512-+eeiav9LY4wbF/EFuCt/vfvi/Zoxo8bf94PW5clbMraChEliq83w4TbRVy0jB9jE0v1ooFTtIjSQkowSPkfISg==}
    engines: {node: '>= 18.0.0'}
    bundledDependencies:
      - jsonschema
      - semver

  '@handsontable/formulajs@2.0.2':
    resolution: {integrity: sha512-maIyMJtYjA5e/R9nyA22Qd7Yw73MBSxClJvle0a8XWAS/5l6shc/OFpQqrmwMy4IXUCmywJ9ER0gOGz/YA720w==}
    hasBin: true

  aws-cdk-lib@2.233.0:
    resolution: {integrity: sha512-rBOzIA8TGC5eB8TyVIvckAVlX7a0/gVPE634FguhSee9RFaovjgc5+IixGyyLJhu3lLsMSjqDoqTJg2ab+p8ng==}
    engines: {node: '>= 18.0.0'}
    peerDependencies:
      constructs: ^10.0.0
    bundledDependencies:
      - '@balena/dockerignore'
      - case
      - fs-extra
      - ignore
      - jsonschema
      - minimatch
      - punycode
      - semver
      - table
      - yaml
      - mime-types

  aws-cdk@2.1100.1:
    resolution: {integrity: sha512-q2poFrQh90TK6eqeI0zznA8r1JkDI63WVOSqC7gFGo6qjQjAnvFk/utxHoNRgAC0RL0CLd19uCcHh3jfX9NiSg==}
    engines: {node: '>= 18.0.0'}
    hasBin: true

  bessel@1.0.2:
    resolution: {integrity: sha512-Al3nHGQGqDYqqinXhQzmwmcRToe/3WyBv4N8aZc5Pef8xw2neZlR9VPi84Sa23JtgWcucu18HxVZrnI0fn2etw==}
    engines: {node: '>=0.8'}

  constructs@10.4.4:
    resolution: {integrity: sha512-lP0qC1oViYf1cutHo9/KQ8QL637f/W29tDmv/6sy35F5zs+MD9f66nbAAIjicwc7fwyuF3rkg6PhZh4sfvWIpA==}

  fsevents@2.3.2:
    resolution: {integrity: sha512-xiqMQR4xAeHTuB9uWm+fFRcIOgKBMiOBP+eXiyT7jsgVCq1bkVygt00oASowB7EdtpOHaaPgKt812P9ab+DDKA==}
    engines: {node: ^8.16.0 || ^10.6.0 || >=11.0.0}
    os: [darwin]

  hot-formula-parser@3.0.2:
    resolution: {integrity: sha512-W/Dj/UbIyuViMIQOQD6tUEVySl7jd6ei+gfWslTiRqa4yRhkyHnIz8N4oLnqgDRhhVAQIcFF5NfNz49k4X8IxQ==}

  jstat@1.9.6:
    resolution: {integrity: sha512-rPBkJbK2TnA8pzs93QcDDPlKcrtZWuuCo2dVR0TFLOJSxhqfWOVCSp8aV3/oSbn+4uY4yw1URtLpHQedtmXfug==}

  lodash@4.17.21:
    resolution: {integrity: sha512-v2kDEe57lecTulaDIuNTPy3Ry4gLGJ6Z1O3vE1krgXZNrsQ+LFTGHVxVjcXPs17LhbZVGedAJv8XZ1tvj5FvSg==}

  tiny-emitter@2.1.0:
    resolution: {integrity: sha512-NB6Dk1A9xgQPMoGqC5CVXn123gWyte215ONT5Pp5a0yt4nlEoO1ZWeCwpncaekPHXO60i47ihFnZPiRPjRMq4Q==}

snapshots:

  '@aws-cdk/asset-awscli-v1@2.2.242': {}

  '@aws-cdk/asset-node-proxy-agent-v6@2.1.0': {}

  '@aws-cdk/cloud-assembly-schema@48.20.0': {}

  '@handsontable/formulajs@2.0.2':
    dependencies:
      bessel: 1.0.2
      jstat: 1.9.6

  aws-cdk-lib@2.233.0(constructs@10.4.4):
    dependencies:
      '@aws-cdk/asset-awscli-v1': 2.2.242
      '@aws-cdk/asset-node-proxy-agent-v6': 2.1.0
      '@aws-cdk/cloud-assembly-schema': 48.20.0
      constructs: 10.4.4

  aws-cdk@2.1100.1:
    optionalDependencies:
      fsevents: 2.3.2

  bessel@1.0.2: {}

  constructs@10.4.4: {}

  fsevents@2.3.2:
    optional: true

  hot-formula-parser@3.0.2:
    dependencies:
      '@handsontable/formulajs': 2.0.2
      tiny-emitter: 2.1.0

  jstat@1.9.6: {}

  lodash@4.17.21: {}

  tiny-emitter@2.1.0: {}
